{
  "object": {
    "pins": [
      {
        "package": "swift-argument-parser",
        "repositoryURL": "https://github.com/apple/swift-argument-parser.git",
        "state": {
          "branch": null,
          "revision": "9f04d1ff1afbccd02279338a2c91e5f27c45e93a",
          "version": "0.0.5"
        }
      },
      {
        "package": "SwiftIO",
        "repositoryURL": "https://github.com/sharplet/SwiftIO.git",
        "state": {
          "branch": null,
          "revision": "dc2f55fb7aa1ddab18282e484d1d3ef2951b6011",
          "version": "0.1.1"
        }
      }
    ]
  },
  "version": 1
}
